lockfileVersion: '9.0'

settings:
  autoInstallPeers: true
  excludeLinksFromLockfile: false

importers:

  .:
    devDependencies:
      csv-parse:
        specifier: ^7.0.2
        version: 7.0.2
      kuroshiro:
        specifier: ^1.2.0
        version: 1.2.0
      kuroshiro-analyzer-kuromoji:
        specifier: ^1.1.0
        version: 1.1.0

packages:

  '@babel/runtime@7.29.7':
    resolution: {integrity: sha512-Nq8OhGWiZIZGV6hLHoyAKLLcJihP/xFeBMGJoUrxTX2psI8dCifzLhZISFb+VWS3wFMRDmCGw5R+dOySCqPLhw==}
    engines: {node: '>=6.9.0'}

  async@2.6.4:
    resolution: {integrity: sha512-mzo5dfJYwAn29PeiJ0zvwTo04zj8HDJj0Mn8TD7sno7q12prdbnasKJHhkm2c1LgrhlJ0teaea8860oxi51mGA==}

  csv-parse@7.0.2:
    resolution: {integrity: sha512-uKZghv9UmPkMVLYy//KZ9HFAIJsl7wkhoEdIL0+rhuSY9pZQlhaeGEDPIe+/w7eh81MOql8Q/9+inAGWG6ZHYA==}

  doublearray@0.0.2:
    resolution: {integrity: sha512-aw55FtZzT6AmiamEj2kvmR6BuFqvYgKZUkfQ7teqVRNqD5UE0rw8IeW/3gieHNKQ5sPuDKlljWEn4bzv5+1bHw==}

  kuromoji@0.1.2:
    resolution: {integrity: sha512-V0dUf+C2LpcPEXhoHLMAop/bOht16Dyr+mDiIE39yX3vqau7p80De/koFqpiTcL1zzdZlc3xuHZ8u5gjYRfFaQ==}

  kuroshiro-analyzer-kuromoji@1.1.0:
    resolution: {integrity: sha512-BSJFhpsQdPwfFLfjKxfLA9iL+/PC6LCR9vgwgb5Jc7jZwk9ilX8SAV6CwhAQZY611tiuhbB52ONYKDO8hgY1bA==}

  kuroshiro@1.2.0:
    resolution: {integrity: sha512-yBGCK9oDOY3LGZ/KXaN9m7ADcAuSczOR2FoMRYwHLUlis3/o/uxdMVROAjENFO0NQJgALhIdWxI/vIBVrMCk9w==}
    engines: {node: '>=6.5.0'}

  lodash@4.18.1:
    resolution: {integrity: sha512-dMInicTPVE8d1e5otfwmmjlxkZoUpiVLwyeTdUsi/Caj/gfzzblBcCE5sRHV/AsjuCmxWrte2TNGSYuCeCq+0Q==}

  zlibjs@0.3.1:
    resolution: {integrity: sha512-+J9RrgTKOmlxFSDHo0pI1xM6BLVUv+o0ZT9ANtCxGkjIVCCUdx9alUF8Gm+dGLKbkkkidWIHFDZHDMpfITt4+w==}

snapshots:

  '@babel/runtime@7.29.7': {}

  async@2.6.4:
    dependencies:
      lodash: 4.18.1

  csv-parse@7.0.2: {}

  doublearray@0.0.2: {}

  kuromoji@0.1.2:
    dependencies:
      async: 2.6.4
      doublearray: 0.0.2
      zlibjs: 0.3.1

  kuroshiro-analyzer-kuromoji@1.1.0:
    dependencies:
      kuromoji: 0.1.2

  kuroshiro@1.2.0:
    dependencies:
      '@babel/runtime': 7.29.7

  lodash@4.18.1: {}

  zlibjs@0.3.1: {}
